{
  "version": 4,
  "terraform_version": "1.3.9",
  "serial": 1,
  "lineage": "0ca38a4d-4f09-0f55-ef3e-20f0138cd1d0",
  "outputs": {},
  "resources": [
    {
      "mode": "managed",
      "type": "google_storage_bucket",
      "name": "GCS2023",
      "provider": "provider[\"registry.terraform.io/hashicorp/google\"]",
      "instances": [
        {
          "schema_version": 0,
          "attributes": {
            "autoclass": [],
            "cors": [],
            "custom_placement_config": [],
            "default_event_based_hold": false,
            "encryption": [],
            "force_destroy": false,
            "id": "tf-course-bucket-from-cloud-console-2023-2",
            "labels": null,
            "lifecycle_rule": [],
            "location": "US-CENTRAL1",
            "logging": [],
            "name": "tf-course-bucket-from-cloud-console-2023-2",
            "project": "terraform-gcp-381809",
            "public_access_prevention": "inherited",
            "requester_pays": false,
            "retention_policy": [],
            "self_link": "https://www.googleapis.com/storage/v1/b/tf-course-bucket-from-cloud-console-2023-2",
            "storage_class": "STANDARD",
            "timeouts": null,
            "uniform_bucket_level_access": false,
            "url": "gs://tf-course-bucket-from-cloud-console-2023-2",
            "versioning": [],
            "website": []
          },
          "sensitive_attributes": [],
          "private": "eyJlMmJmYjczMC1lY2FhLTExZTYtOGY4OC0zNDM2M2JjN2M0YzAiOnsiY3JlYXRlIjo2MDAwMDAwMDAwMDAsInJlYWQiOjI0MDAwMDAwMDAwMCwidXBkYXRlIjoyNDAwMDAwMDAwMDB9fQ=="
        }
      ]
    }
  ],
  "check_results": null
}
