{
  "version": 4,
  "terraform_version": "1.3.9",
  "serial": 3,
  "lineage": "3b261ede-8f96-97cf-d38b-8724b61c6aba",
  "outputs": {},
  "resources": [
    {
      "mode": "managed",
      "type": "local_file",
      "name": "sample_res",
      "provider": "provider[\"registry.terraform.io/hashicorp/local\"]",
      "instances": [
        {
          "schema_version": 0,
          "attributes": {
            "content": "I love Linux",
            "content_base64": null,
            "directory_permission": "777",
            "file_permission": "777",
            "filename": "sample.txt",
            "id": "f843d4b9a5053edbae805117a778943ea51d75b1",
            "sensitive_content": null,
            "source": null
          },
          "sensitive_attributes": []
        }
      ]
    },
    {
      "mode": "managed",
      "type": "local_file",
      "name": "sample_text",
      "provider": "provider[\"registry.terraform.io/hashicorp/local\"]",
      "instances": [
        {
          "schema_version": 0,
          "attributes": {
            "content": null,
            "content_base64": null,
            "directory_permission": "777",
            "file_permission": "777",
            "filename": "./files/outputfile",
            "id": "16184cd6fb8de574a247e0e6e70a157f1ad416ba",
            "sensitive_content": "I love terraform",
            "source": null
          },
          "sensitive_attributes": []
        }
      ]
    }
  ],
  "check_results": null
}
