{
  "version": 4,
  "terraform_version": "1.4.0",
  "serial": 6,
  "lineage": "6abf666f-dcd6-666e-8468-101448efae92",
  "outputs": {},
  "resources": [
    {
      "mode": "managed",
      "type": "local_file",
      "name": "variable_file",
      "provider": "provider[\"registry.terraform.io/hashicorp/local\"]",
      "instances": [
        {
          "schema_version": 0,
          "attributes": {
            "content": null,
            "content_base64": null,
            "content_base64sha256": "SPuYCw1w4PiFQ9+B4ilauNT0Za2Xx6DsNd9nT7sc51Q=",
            "content_base64sha512": "7lmVajw9qOToJhWQZ2vxO2IsHMBpQG+Mq9IJ8D8q7fq01zzT1vc6p8zxbJS3xMqCqI7kRzHE5Mxji+vkWhs7gw==",
            "content_md5": "4b64d8f6a0e8c1e74335fa31f1124c45",
            "content_sha1": "16184cd6fb8de574a247e0e6e70a157f1ad416ba",
            "content_sha256": "48fb980b0d70e0f88543df81e2295ab8d4f465ad97c7a0ec35df674fbb1ce754",
            "content_sha512": "ee59956a3c3da8e4e8261590676bf13b622c1cc069406f8cabd209f03f2aedfab4d73cd3d6f73aa7ccf16c94b7c4ca82a88ee44731c4e4cc638bebe45a1b3b83",
            "directory_permission": "777",
            "file_permission": "777",
            "filename": "variables.txt",
            "id": "16184cd6fb8de574a247e0e6e70a157f1ad416ba",
            "sensitive_content": "I love terraform",
            "source": null
          },
          "sensitive_attributes": []
        }
      ]
    },
    {
      "mode": "managed",
      "type": "local_file",
      "name": "variable_file2",
      "provider": "provider[\"registry.terraform.io/hashicorp/local\"]",
      "instances": [
        {
          "schema_version": 0,
          "attributes": {
            "content": null,
            "content_base64": null,
            "content_base64sha256": "BrUCwQGZoze+boGCj6YX/7OXWGKFHFElxUMAdUTWoF4=",
            "content_base64sha512": "UE8vzlGIKq3jfyH6Th4J+y4mOkfI690nMjuzkwn5ZBzQUTIW7ozVkMdnqn+cA1QNd7KsZjbko9GF7ma3MuXW5Q==",
            "content_md5": "dea78cc89a2f964a9770429d64420e99",
            "content_sha1": "f843d4b9a5053edbae805117a778943ea51d75b1",
            "content_sha256": "06b502c10199a337be6e81828fa617ffb3975862851c5125c543007544d6a05e",
            "content_sha512": "504f2fce51882aade37f21fa4e1e09fb2e263a47c8ebdd27323bb39309f9641cd0513216ee8cd590c767aa7f9c03540d77b2ac6636e4a3d185ee66b732e5d6e5",
            "directory_permission": "777",
            "file_permission": "777",
            "filename": "variables1.txt",
            "id": "f843d4b9a5053edbae805117a778943ea51d75b1",
            "sensitive_content": "I love Linux",
            "source": null
          },
          "sensitive_attributes": []
        }
      ]
    }
  ],
  "check_results": null
}
