{
  "version": 4,
  "terraform_version": "1.4.5",
  "serial": 33,
  "lineage": "dabcd245-f87e-ab1a-d948-1ad95f53dc3b",
  "outputs": {},
  "resources": [
    {
      "mode": "managed",
      "type": "google_tags_tag_key",
      "name": "test-key",
      "provider": "provider[\"registry.terraform.io/hashicorp/google\"]",
      "instances": [
        {
          "schema_version": 0,
          "attributes": {
            "create_time": "2023-05-01T07:38:48.488918Z",
            "description": "",
            "id": "tagKeys/281484819706995",
            "name": "281484819706995",
            "namespaced_name": "terraform-gcp-383907/test-key",
            "parent": "projects/791210556975",
            "purpose": "",
            "purpose_data": null,
            "short_name": "test-key",
            "timeouts": null,
            "update_time": "2023-05-01T07:38:48.488918Z"
          },
          "sensitive_attributes": [],
          "private": "eyJlMmJmYjczMC1lY2FhLTExZTYtOGY4OC0zNDM2M2JjN2M0YzAiOnsiY3JlYXRlIjoxMjAwMDAwMDAwMDAwLCJkZWxldGUiOjEyMDAwMDAwMDAwMDAsInVwZGF0ZSI6MTIwMDAwMDAwMDAwMH19"
        }
      ]
    },
    {
      "mode": "managed",
      "type": "google_tags_tag_value",
      "name": "test-value1",
      "provider": "provider[\"registry.terraform.io/hashicorp/google\"]",
      "instances": [
        {
          "schema_version": 0,
          "attributes": {
            "create_time": "2023-05-01T07:39:04.196606Z",
            "description": "",
            "id": "tagValues/281477893900954",
            "name": "281477893900954",
            "namespaced_name": "terraform-gcp-383907/test-key/test-value1",
            "parent": "tagKeys/281484819706995",
            "short_name": "test-value1",
            "timeouts": null,
            "update_time": "2023-05-01T07:39:04.196606Z"
          },
          "sensitive_attributes": [],
          "private": "eyJlMmJmYjczMC1lY2FhLTExZTYtOGY4OC0zNDM2M2JjN2M0YzAiOnsiY3JlYXRlIjoxMjAwMDAwMDAwMDAwLCJkZWxldGUiOjEyMDAwMDAwMDAwMDAsInVwZGF0ZSI6MTIwMDAwMDAwMDAwMH19",
          "dependencies": [
            "google_tags_tag_key.test-key"
          ]
        }
      ]
    }
  ],
  "check_results": null
}
