{
  "version": 4,
  "terraform_version": "1.4.0",
  "serial": 13,
  "lineage": "faed531c-9d48-0d7e-8b6b-e72d435bc1d9",
  "outputs": {},
  "resources": [
    {
      "mode": "managed",
      "type": "local_file",
      "name": "sample_res",
      "provider": "provider[\"registry.terraform.io/hashicorp/local\"]",
      "instances": [
        {
          "schema_version": 0,
          "attributes": {
            "content": null,
            "content_base64": null,
            "content_base64sha256": "D2ZAJsF6dNBHjdTW8IpeptYSCgfLXU47dC8QjgtdS1I=",
            "content_base64sha512": "uP5JrOwnti2gW4OkB7u1P56y/aR1qQ4F/PGHhWbJ+bBu6rRxqLYa06/ixvNRRVBqcd+Zex36+3I+sAa5x+AyRA==",
            "content_md5": "fbffd928e924347fa7144201daaebbee",
            "content_sha1": "84f0c2aba565e04cd68884dc20e263db0c5b93b6",
            "content_sha256": "0f664026c17a74d0478dd4d6f08a5ea6d6120a07cb5d4e3b742f108e0b5d4b52",
            "content_sha512": "b8fe49acec27b62da05b83a407bbb53f9eb2fda475a90e05fcf1878566c9f9b06eeab471a8b61ad3afe2c6f35145506a71df997b1dfafb723eb006b9c7e03244",
            "directory_permission": "777",
            "file_permission": "777",
            "filename": "sample.txt",
            "id": "84f0c2aba565e04cd68884dc20e263db0c5b93b6",
            "sensitive_content": "Raghu",
            "source": null
          },
          "sensitive_attributes": []
        }
      ]
    }
  ],
  "check_results": null
}
